# THIS IS AN AUTOGENERATED FILE. DO NOT EDIT THIS FILE DIRECTLY.
# yarn lockfile v1


"@next/env@14.0.4-canary.25":
  version "14.0.4-canary.25"
  resolved "https://registry.yarnpkg.com/@next/env/-/env-14.0.4-canary.25.tgz#d921c0fb22d5f6b7d5f9f4468b8f117ba294583f"
  integrity sha512-aJTjxtwAe2hex6PNZ0s6JhG5BAlsir3fOoOYqpCFi6IBSWdU52gAejDATNU+18ppAEcxNgJUzhFQ04LVNF697g==

"@next/swc-darwin-arm64@14.0.4-canary.25":
  version "14.0.4-canary.25"
  resolved "https://registry.yarnpkg.com/@next/swc-darwin-arm64/-/swc-darwin-arm64-14.0.4-canary.25.tgz#8935342a69335153cba32bdd6b4a0efdc4b93eca"
  integrity sha512-8iNApltCf7oWC2Wsnnx0mK6RpdcBCa7FHxUaASOw+AW7MRYB/0Mp9s39YBKzbFFjF2Hzl1KsDlo9uvOBcCrc+w==

"@next/swc-darwin-x64@14.0.4-canary.25":
  version "14.0.4-canary.25"
  resolved "https://registry.yarnpkg.com/@next/swc-darwin-x64/-/swc-darwin-x64-14.0.4-canary.25.tgz#d433d5f0aacb4a0dabdfccde67c9dd63b5e9ee9e"
  integrity sha512-YVkd03NYTaldp94UqjBvijoP5IF3urtEUe7BPKCv/GVuTdlBlYGu4zl8TavzkbwEiiiASnQoRepW8O4zaRzJHw==

"@next/swc-linux-arm64-gnu@14.0.4-canary.25":
  version "14.0.4-canary.25"
  resolved "https://registry.yarnpkg.com/@next/swc-linux-arm64-gnu/-/swc-linux-arm64-gnu-14.0.4-canary.25.tgz#6cadf7afbfcded22bd650c1cb553ebf595995087"
  integrity sha512-y58HnWPZQW8ym9T9YgP2MDM8pXIP6iRwkOYZU0otdoNMiE1IoSXmNCdRP38MGTNzveVggO2NTlAbLDdfOzLuUw==

"@next/swc-linux-arm64-musl@14.0.4-canary.25":
  version "14.0.4-canary.25"
  resolved "https://registry.yarnpkg.com/@next/swc-linux-arm64-musl/-/swc-linux-arm64-musl-14.0.4-canary.25.tgz#3d794c520b6a8c639413bebf4fdf80ee0bc11293"
  integrity sha512-Pfb6ufyfcWdL8PcB1zQ2vsUwC7tGcc9+4GIjdfkwB7cZQ2QY7T6rVkhKtgh0jLAw7sEuTNCuVYsqwomIGwMU3Q==

"@next/swc-linux-x64-gnu@14.0.4-canary.25":
  version "14.0.4-canary.25"
  resolved "https://registry.yarnpkg.com/@next/swc-linux-x64-gnu/-/swc-linux-x64-gnu-14.0.4-canary.25.tgz#0ed451b1f8ef2d08fd03738f3a5f4fb6200237e2"
  integrity sha512-+z07ZFpmdPpvWeybjmJmW7/qW8NZck5XYA4NeArmFWE3ODPTVhP/GXUq4+xvgxwSBDdZKY3T8I7GDdnoijlgrg==

"@next/swc-linux-x64-musl@14.0.4-canary.25":
  version "14.0.4-canary.25"
  resolved "https://registry.yarnpkg.com/@next/swc-linux-x64-musl/-/swc-linux-x64-musl-14.0.4-canary.25.tgz#2e7b0b4d72bdfb2a674d0a00892c61317768ac94"
  integrity sha512-1fNLbdd22Veu7Okju43YdrEERCljwXByeybjVjGDYrdLhIU/25yyZhWdB0nDHGpo0k+/2WpPvlpwGz5ra7f1PA==

"@next/swc-win32-arm64-msvc@14.0.4-canary.25":
  version "14.0.4-canary.25"
  resolved "https://registry.yarnpkg.com/@next/swc-win32-arm64-msvc/-/swc-win32-arm64-msvc-14.0.4-canary.25.tgz#5af9caa8991b4033f0005e8278219c0dd901957a"
  integrity sha512-0NtCH2pvOilPi5W5zy8n//TpKYk+T631q08vwlkH+nA0aW9reklWoTs68iIE/t0bjufHqTY0JbRe/sL6Dtf/FQ==

"@next/swc-win32-ia32-msvc@14.0.4-canary.25":
  version "14.0.4-canary.25"
  resolved "https://registry.yarnpkg.com/@next/swc-win32-ia32-msvc/-/swc-win32-ia32-msvc-14.0.4-canary.25.tgz#f545e3cbbf04dd694ccde17a75b59818d4b320b1"
  integrity sha512-oTRKcZGoxg+HB/krihXFXs6zEDlxD6TIkaP0LyAikHUw1IOtGAXo10sCk2HVnKGhD5EwQRkj0DNHGqhcPcw2ig==

"@next/swc-win32-x64-msvc@14.0.4-canary.25":
  version "14.0.4-canary.25"
  resolved "https://registry.yarnpkg.com/@next/swc-win32-x64-msvc/-/swc-win32-x64-msvc-14.0.4-canary.25.tgz#167af4540af560902f557943a4bf2d4e79ddf30f"
  integrity sha512-NcANElBXZ+o354h3liyzO/SKdU+FOosHGrZbGxR+YfLfQBmILxJH9CX5yLx4+eF/z0m9aoQSRVBaknxTID3GwQ==

"@swc/helpers@0.5.2":
  version "0.5.2"
  resolved "https://registry.yarnpkg.com/@swc/helpers/-/helpers-0.5.2.tgz#85ea0c76450b61ad7d10a37050289eded783c27d"
  integrity sha512-E4KcWTpoLHqwPHLxidpOqQbcrZVgi0rsmmZXUle1jXmJfuIf/UWpczUJ7MZZ5tlxytgJXyp0w4PGkkeLiuIdZw==
  dependencies:
    tslib "^2.4.0"

"@types/node@20.4.5":
  version "20.4.5"
  resolved "https://registry.yarnpkg.com/@types/node/-/node-20.4.5.tgz#9dc0a5cb1ccce4f7a731660935ab70b9c00a5d69"
  integrity sha512-rt40Nk13II9JwQBdeYqmbn2Q6IVTA5uPhvSO+JVqdXw/6/4glI6oR9ezty/A9Hg5u7JH4OmYmuQ+XvjKm0Datg==

"@types/prop-types@*":
  version "15.7.11"
  resolved "https://registry.yarnpkg.com/@types/prop-types/-/prop-types-15.7.11.tgz#2596fb352ee96a1379c657734d4b913a613ad563"
  integrity sha512-ga8y9v9uyeiLdpKddhxYQkxNDrfvuPrlFb0N1qnZZByvcElJaXthF1UhvCh9TLWJBEHeNtdnbysW7Y6Uq8CVng==

"@types/react@18.2.18":
  version "18.2.18"
  resolved "https://registry.yarnpkg.com/@types/react/-/react-18.2.18.tgz#c8b233919eef1bdc294f6f34b37f9727ad677516"
  integrity sha512-da4NTSeBv/P34xoZPhtcLkmZuJ+oYaCxHmyHzwaDQo9RQPBeXV+06gEk2FpqEcsX9XrnNLvRpVh6bdavDSjtiQ==
  dependencies:
    "@types/prop-types" "*"
    "@types/scheduler" "*"
    csstype "^3.0.2"

"@types/scheduler@*":
  version "0.16.8"
  resolved "https://registry.yarnpkg.com/@types/scheduler/-/scheduler-0.16.8.tgz#ce5ace04cfeabe7ef87c0091e50752e36707deff"
  integrity sha512-WZLiwShhwLRmeV6zH+GkbOFT6Z6VklCItrDioxUnv+u4Ll+8vKeFySoFyK/0ctcRpOmwAicELfmys1sDc/Rw+A==

busboy@1.6.0:
  version "1.6.0"
  resolved "https://registry.yarnpkg.com/busboy/-/busboy-1.6.0.tgz#966ea36a9502e43cdb9146962523b92f531f6893"
  integrity sha512-8SFQbg/0hQ9xy3UNTB0YEnsNBbWfhf7RtnzpL7TkBiTBRfrQ9Fxcnz7VJsleJpyp6rVLvXiuORqjlHi5q+PYuA==
  dependencies:
    streamsearch "^1.1.0"

caniuse-lite@^1.0.30001406:
  version "1.0.30001565"
  resolved "https://registry.yarnpkg.com/caniuse-lite/-/caniuse-lite-1.0.30001565.tgz#a528b253c8a2d95d2b415e11d8b9942acc100c4f"
  integrity sha512-xrE//a3O7TP0vaJ8ikzkD2c2NgcVUvsEe2IvFTntV4Yd1Z9FVzh+gW+enX96L0psrbaFMcVcH2l90xNuGDWc8w==

client-only@0.0.1:
  version "0.0.1"
  resolved "https://registry.yarnpkg.com/client-only/-/client-only-0.0.1.tgz#38bba5d403c41ab150bff64a95c85013cf73bca1"
  integrity sha512-IV3Ou0jSMzZrd3pZ48nLkT9DA7Ag1pnPzaiQhpW7c3RbcqqzvzzVu+L8gfqMp/8IM2MQtSiqaCxrrcfu8I8rMA==

csstype@^3.0.2:
  version "3.1.2"
  resolved "https://registry.yarnpkg.com/csstype/-/csstype-3.1.2.tgz#1d4bf9d572f11c14031f0436e1c10bc1f571f50b"
  integrity sha512-I7K1Uu0MBPzaFKg4nI5Q7Vs2t+3gWWW648spaF+Rg7pI9ds18Ugn+lvg4SHczUdKlHI5LWBXyqfS8+DufyBsgQ==

glob-to-regexp@^0.4.1:
  version "0.4.1"
  resolved "https://registry.yarnpkg.com/glob-to-regexp/-/glob-to-regexp-0.4.1.tgz#c75297087c851b9a578bd217dd59a92f59fe546e"
  integrity sha512-lkX1HJXwyMcprw/5YUZc2s7DrpAiHB21/V+E1rHUrVNokkvB6bqMzT0VfV6/86ZNabt1k14YOIaT7nDvOX3Iiw==

graceful-fs@^4.1.2, graceful-fs@^4.2.11:
  version "4.2.11"
  resolved "https://registry.yarnpkg.com/graceful-fs/-/graceful-fs-4.2.11.tgz#4183e4e8bf08bb6e05bbb2f7d2e0c8f712ca40e3"
  integrity sha512-RbJ5/jmFcNNCcDV5o9eTnBLJ/HszWV0P73bc+Ff4nS/rJj+YaS6IGyiOL0VoBYX+l1Wrl3k63h/KrH+nhJ0XvQ==

"js-tokens@^3.0.0 || ^4.0.0":
  version "4.0.0"
  resolved "https://registry.yarnpkg.com/js-tokens/-/js-tokens-4.0.0.tgz#19203fb59991df98e3a287050d4647cdeaf32499"
  integrity sha512-RdJUflcE3cUzKiMqQgsCu06FPu9UdIJO0beYbPhHN4k6apgJtifcoCtT9bcxOpYBtpD2kCM6Sbzg4CausW/PKQ==

loose-envify@^1.1.0:
  version "1.4.0"
  resolved "https://registry.yarnpkg.com/loose-envify/-/loose-envify-1.4.0.tgz#71ee51fa7be4caec1a63839f7e682d8132d30caf"
  integrity sha512-lyuxPGr/Wfhrlem2CL/UcnUc1zcqKAImBDzukY7Y5F/yQiNdko6+fRLevlw1HgMySw7f611UIY408EtxRSoK3Q==
  dependencies:
    js-tokens "^3.0.0 || ^4.0.0"

nanoid@^3.3.6:
  version "3.3.7"
  resolved "https://registry.yarnpkg.com/nanoid/-/nanoid-3.3.7.tgz#d0c301a691bc8d54efa0a2226ccf3fe2fd656bd8"
  integrity sha512-eSRppjcPIatRIMC1U6UngP8XFcz8MQWGQdt1MTBQ7NaAmvXDfvNxbvWV3x2y6CdEUciCSsDHDQZbhYaB8QEo2g==

next@canary:
  version "14.0.4-canary.25"
  resolved "https://registry.yarnpkg.com/next/-/next-14.0.4-canary.25.tgz#c5e0dc159c82337db3402f56f717dca46224e03e"
  integrity sha512-/s7WPShjE09H3vMEx31v7ZYRhzncu/1mAob6Gbn4swoX6BJTZjHVsoYP3cM2p6G2sxUUflssl4GlJJ9CWLTSxg==
  dependencies:
    "@next/env" "14.0.4-canary.25"
    "@swc/helpers" "0.5.2"
    busboy "1.6.0"
    caniuse-lite "^1.0.30001406"
    graceful-fs "^4.2.11"
    postcss "8.4.31"
    styled-jsx "5.1.1"
    watchpack "2.4.0"
  optionalDependencies:
    "@next/swc-darwin-arm64" "14.0.4-canary.25"
    "@next/swc-darwin-x64" "14.0.4-canary.25"
    "@next/swc-linux-arm64-gnu" "14.0.4-canary.25"
    "@next/swc-linux-arm64-musl" "14.0.4-canary.25"
    "@next/swc-linux-x64-gnu" "14.0.4-canary.25"
    "@next/swc-linux-x64-musl" "14.0.4-canary.25"
    "@next/swc-win32-arm64-msvc" "14.0.4-canary.25"
    "@next/swc-win32-ia32-msvc" "14.0.4-canary.25"
    "@next/swc-win32-x64-msvc" "14.0.4-canary.25"

picocolors@^1.0.0:
  version "1.0.0"
  resolved "https://registry.yarnpkg.com/picocolors/-/picocolors-1.0.0.tgz#cb5bdc74ff3f51892236eaf79d68bc44564ab81c"
  integrity sha512-1fygroTLlHu66zi26VoTDv8yRgm0Fccecssto+MhsZ0D/DGW2sm8E8AjW7NU5VVTRt5GxbeZ5qBuJr+HyLYkjQ==

postcss@8.4.31:
  version "8.4.31"
  resolved "https://registry.yarnpkg.com/postcss/-/postcss-8.4.31.tgz#92b451050a9f914da6755af352bdc0192508656d"
  integrity sha512-PS08Iboia9mts/2ygV3eLpY5ghnUcfLV/EXTOW1E2qYxJKGGBUtNjN76FYHnMs36RmARn41bC0AZmn+rR0OVpQ==
  dependencies:
    nanoid "^3.3.6"
    picocolors "^1.0.0"
    source-map-js "^1.0.2"

react-dom@^18.2.0:
  version "18.2.0"
  resolved "https://registry.yarnpkg.com/react-dom/-/react-dom-18.2.0.tgz#22aaf38708db2674ed9ada224ca4aa708d821e3d"
  integrity sha512-6IMTriUmvsjHUjNtEDudZfuDQUoWXVxKHhlEGSk81n4YFS+r/Kl99wXiwlVXtPBtJenozv2P+hxDsw9eA7Xo6g==
  dependencies:
    loose-envify "^1.1.0"
    scheduler "^0.23.0"

react@^18.2.0:
  version "18.2.0"
  resolved "https://registry.yarnpkg.com/react/-/react-18.2.0.tgz#555bd98592883255fa00de14f1151a917b5d77d5"
  integrity sha512-/3IjMdb2L9QbBdWiW5e3P2/npwMBaU9mHCSCUzNln0ZCYbcfTsGbTJrU/kGemdH2IWmB2ioZ+zkxtmq6g09fGQ==
  dependencies:
    loose-envify "^1.1.0"

reproduction-app-dynamic-component-hydration-error-package@1.0.23:
  version "1.0.23"
  resolved "https://registry.yarnpkg.com/reproduction-app-dynamic-component-hydration-error-package/-/reproduction-app-dynamic-component-hydration-error-package-1.0.23.tgz#e6e17427e6be2843ec909ea83f68584167866f3d"
  integrity sha512-b+7RtmO6SVFC05YMesQ56CU4uMBAaDWBcJo5Vy+6K5SmFi+Ro6n/J/aSvJ+Ku2vesZD+Xz7uQpiTKoQIaQSS2Q==
  dependencies:
    next canary
    react "^18.2.0"
    react-dom "^18.2.0"

scheduler@^0.23.0:
  version "0.23.0"
  resolved "https://registry.yarnpkg.com/scheduler/-/scheduler-0.23.0.tgz#ba8041afc3d30eb206a487b6b384002e4e61fdfe"
  integrity sha512-CtuThmgHNg7zIZWAXi3AsyIzA3n4xx7aNyjwC2VJldO2LMVDhFK+63xGqq6CsJH4rTAt6/M+N4GhZiDYPx9eUw==
  dependencies:
    loose-envify "^1.1.0"

source-map-js@^1.0.2:
  version "1.0.2"
  resolved "https://registry.yarnpkg.com/source-map-js/-/source-map-js-1.0.2.tgz#adbc361d9c62df380125e7f161f71c826f1e490c"
  integrity sha512-R0XvVJ9WusLiqTCEiGCmICCMplcCkIwwR11mOSD9CR5u+IXYdiseeEuXCVAjS54zqwkLcPNnmU4OeJ6tUrWhDw==

streamsearch@^1.1.0:
  version "1.1.0"
  resolved "https://registry.yarnpkg.com/streamsearch/-/streamsearch-1.1.0.tgz#404dd1e2247ca94af554e841a8ef0eaa238da764"
  integrity sha512-Mcc5wHehp9aXz1ax6bZUyY5afg9u2rv5cqQI3mRrYkGC8rW2hM02jWuwjtL++LS5qinSyhj2QfLyNsuc+VsExg==

styled-jsx@5.1.1:
  version "5.1.1"
  resolved "https://registry.yarnpkg.com/styled-jsx/-/styled-jsx-5.1.1.tgz#839a1c3aaacc4e735fed0781b8619ea5d0009d1f"
  integrity sha512-pW7uC1l4mBZ8ugbiZrcIsiIvVx1UmTfw7UkC3Um2tmfUq9Bhk8IiyEIPl6F8agHgjzku6j0xQEZbfA5uSgSaCw==
  dependencies:
    client-only "0.0.1"

tslib@^2.4.0:
  version "2.6.2"
  resolved "https://registry.yarnpkg.com/tslib/-/tslib-2.6.2.tgz#703ac29425e7b37cd6fd456e92404d46d1f3e4ae"
  integrity sha512-AEYxH93jGFPn/a2iVAwW87VuUIkR1FVUKB77NwMF7nBTDkDrrT/Hpt/IrCJ0QXhW27jTBDcf5ZY7w6RiqTMw2Q==

typescript@5.1.3:
  version "5.1.3"
  resolved "https://registry.yarnpkg.com/typescript/-/typescript-5.1.3.tgz#8d84219244a6b40b6fb2b33cc1c062f715b9e826"
  integrity sha512-XH627E9vkeqhlZFQuL+UsyAXEnibT0kWR2FWONlr4sTjvxyJYnyefgrkyECLzM5NenmKzRAy2rR/OlYLA1HkZw==

watchpack@2.4.0:
  version "2.4.0"
  resolved "https://registry.yarnpkg.com/watchpack/-/watchpack-2.4.0.tgz#fa33032374962c78113f93c7f2fb4c54c9862a5d"
  integrity sha512-Lcvm7MGST/4fup+ifyKi2hjyIAwcdI4HRgtvTpIUxBRhB+RFtUh8XtDOxUfctVCnhVi+QQj49i91OyvzkJl6cg==
  dependencies:
    glob-to-regexp "^0.4.1"
    graceful-fs "^4.1.2"
