# THIS IS AN AUTOGENERATED FILE. DO NOT EDIT THIS FILE DIRECTLY.
# yarn lockfile v1


"@next/env@13.5.1":
  version "13.5.1"
  resolved "https://registry.yarnpkg.com/@next/env/-/env-13.5.1.tgz#337f5f3d325250f91ed23d783cbf8297800ee7d3"
  integrity sha512-CIMWiOTyflFn/GFx33iYXkgLSQsMQZV4jB91qaj/TfxGaGOXxn8C1j72TaUSPIyN7ziS/AYG46kGmnvuk1oOpg==

"@next/env@13.5.2-canary.1":
  version "13.5.2-canary.1"
  resolved "https://registry.yarnpkg.com/@next/env/-/env-13.5.2-canary.1.tgz#e17aae3f8cd10419f8190dc3ccd26b607d17dcc8"
  integrity sha512-gdQqNcjmXeSffzeG+JcUhaLfdwkqQM4mLSfuTb5DxCHc0CD4I7DNxpDsaRoR1cmCNZiE9P1TJ5YT5TjpXfeEbw==

"@next/swc-darwin-arm64@13.5.1":
  version "13.5.1"
  resolved "https://registry.yarnpkg.com/@next/swc-darwin-arm64/-/swc-darwin-arm64-13.5.1.tgz#dc21234afce27910a8d141e6a7ab5e821725dc94"
  integrity sha512-Bcd0VFrLHZnMmJy6LqV1CydZ7lYaBao8YBEdQUVzV8Ypn/l5s//j5ffjfvMzpEQ4mzlAj3fIY+Bmd9NxpWhACw==

"@next/swc-darwin-arm64@13.5.2-canary.1":
  version "13.5.2-canary.1"
  resolved "https://registry.yarnpkg.com/@next/swc-darwin-arm64/-/swc-darwin-arm64-13.5.2-canary.1.tgz#4b1731ac8c92f16a7e48f353f9b8c05ae8de50b5"
  integrity sha512-m6hqPGPBMS1hRSExXHrsb7sJX3vO724GelmTeCRJCKbyrcptpVMCWPazoYVfgNd3jYMWjlOIwFWdLHrEUUiJNw==

"@next/swc-darwin-x64@13.5.1":
  version "13.5.1"
  resolved "https://registry.yarnpkg.com/@next/swc-darwin-x64/-/swc-darwin-x64-13.5.1.tgz#29591ac96cc839903918621cf2d8f79c40cba3ca"
  integrity sha512-uvTZrZa4D0bdWa1jJ7X1tBGIxzpqSnw/ATxWvoRO9CVBvXSx87JyuISY+BWsfLFF59IRodESdeZwkWM2l6+Kjg==

"@next/swc-darwin-x64@13.5.2-canary.1":
  version "13.5.2-canary.1"
  resolved "https://registry.yarnpkg.com/@next/swc-darwin-x64/-/swc-darwin-x64-13.5.2-canary.1.tgz#5ee72c9335fe7da78b9514e7c94a0aba9059b3cb"
  integrity sha512-ruegWEyjagkwmXH0xNWAYdJtiWI1b4OJLKJKvVb/MaDeajeFA2pKNyLTm9EczpnRGRBXSBDsPQtDtqXG/Q7N0w==

"@next/swc-linux-arm64-gnu@13.5.1":
  version "13.5.1"
  resolved "https://registry.yarnpkg.com/@next/swc-linux-arm64-gnu/-/swc-linux-arm64-gnu-13.5.1.tgz#349ce2714dc87d1db6911758652f3b2b0810dd6f"
  integrity sha512-/52ThlqdORPQt3+AlMoO+omicdYyUEDeRDGPAj86ULpV4dg+/GCFCKAmFWT0Q4zChFwsAoZUECLcKbRdcc0SNg==

"@next/swc-linux-arm64-gnu@13.5.2-canary.1":
  version "13.5.2-canary.1"
  resolved "https://registry.yarnpkg.com/@next/swc-linux-arm64-gnu/-/swc-linux-arm64-gnu-13.5.2-canary.1.tgz#7c15bb3f8169b26455f168f9f68a2cb2d7f66df4"
  integrity sha512-Gy0nP3QHnsPRGoj5S1KXWa2/2FdJW2VOoTRke18RWqrX4pqCE+KmhtpPgtjD1qy1vnNhF2Kq5TA700GcvSE+GQ==

"@next/swc-linux-arm64-musl@13.5.1":
  version "13.5.1"
  resolved "https://registry.yarnpkg.com/@next/swc-linux-arm64-musl/-/swc-linux-arm64-musl-13.5.1.tgz#3f8bc223db9100887ffda998ad963820f39d944b"
  integrity sha512-L4qNXSOHeu1hEAeeNsBgIYVnvm0gg9fj2O2Yx/qawgQEGuFBfcKqlmIE/Vp8z6gwlppxz5d7v6pmHs1NB6R37w==

"@next/swc-linux-arm64-musl@13.5.2-canary.1":
  version "13.5.2-canary.1"
  resolved "https://registry.yarnpkg.com/@next/swc-linux-arm64-musl/-/swc-linux-arm64-musl-13.5.2-canary.1.tgz#e770e7b8ba1ab0dce8efb7183e56cbe110756abf"
  integrity sha512-NKYNlIAajW8ElIir5xUCPq5qs6QIdX8cbxbgsE7nY1FXDuNyhgsH/dTFAF+WgD7V1xuHB3hOC3YCxjLU0byHcQ==

"@next/swc-linux-x64-gnu@13.5.1":
  version "13.5.1"
  resolved "https://registry.yarnpkg.com/@next/swc-linux-x64-gnu/-/swc-linux-x64-gnu-13.5.1.tgz#4503d43d27aa178efb4a5c9efe229faae37d67a8"
  integrity sha512-QVvMrlrFFYvLtABk092kcZ5Mzlmsk2+SV3xYuAu8sbTuIoh0U2+HGNhVklmuYCuM3DAAxdiMQTNlRQmNH11udw==

"@next/swc-linux-x64-gnu@13.5.2-canary.1":
  version "13.5.2-canary.1"
  resolved "https://registry.yarnpkg.com/@next/swc-linux-x64-gnu/-/swc-linux-x64-gnu-13.5.2-canary.1.tgz#60af3b8f454f8e1246439e81e0c34eab92ff4b9b"
  integrity sha512-VctGjwL32mbDNtXQz6dd9Jaf8LJX6jvfaxFCdNkaQTq8u5aBvnQx17LrhY6mdsAKCN3pa36wbOJ9W3cP9VgoIQ==

"@next/swc-linux-x64-musl@13.5.1":
  version "13.5.1"
  resolved "https://registry.yarnpkg.com/@next/swc-linux-x64-musl/-/swc-linux-x64-musl-13.5.1.tgz#a6e81f0df0be2fac78392705f487036695cf7b10"
  integrity sha512-bBnr+XuWc28r9e8gQ35XBtyi5KLHLhTbEvrSgcWna8atI48sNggjIK8IyiEBO3KIrcUVXYkldAzGXPEYMnKt1g==

"@next/swc-linux-x64-musl@13.5.2-canary.1":
  version "13.5.2-canary.1"
  resolved "https://registry.yarnpkg.com/@next/swc-linux-x64-musl/-/swc-linux-x64-musl-13.5.2-canary.1.tgz#9df77535501da46b3662c1c4f78329666945ac83"
  integrity sha512-9m4t5/AoNsybiYxCujPNQuwI3L+XsuwrNpYsZV8NF49LeQ8w554PN/UZZmXkaDaKnEM5gLIVcvDhj7jYfXxbCQ==

"@next/swc-win32-arm64-msvc@13.5.1":
  version "13.5.1"
  resolved "https://registry.yarnpkg.com/@next/swc-win32-arm64-msvc/-/swc-win32-arm64-msvc-13.5.1.tgz#9d8517fe1dd6aa348c7be36b933ad8195f961294"
  integrity sha512-EQGeE4S5c9v06jje9gr4UlxqUEA+zrsgPi6kg9VwR+dQHirzbnVJISF69UfKVkmLntknZJJI9XpWPB6q0Z7mTg==

"@next/swc-win32-arm64-msvc@13.5.2-canary.1":
  version "13.5.2-canary.1"
  resolved "https://registry.yarnpkg.com/@next/swc-win32-arm64-msvc/-/swc-win32-arm64-msvc-13.5.2-canary.1.tgz#c1ba9e689eaeea6213cd82c218553e0c16f575a7"
  integrity sha512-rcRMMLbsgVuujdxl1Qk+Rq1DpOVIU60mYBf+nnbKbBvhVHJxFimKMe6YuIU+OZSzaVtIPQVe2pocMRgaTkHXuA==

"@next/swc-win32-ia32-msvc@13.5.1":
  version "13.5.1"
  resolved "https://registry.yarnpkg.com/@next/swc-win32-ia32-msvc/-/swc-win32-ia32-msvc-13.5.1.tgz#42e711d00642f538edaabf9535545697d093b2f7"
  integrity sha512-1y31Q6awzofVjmbTLtRl92OX3s+W0ZfO8AP8fTnITcIo9a6ATDc/eqa08fd6tSpFu6IFpxOBbdevOjwYTGx/AQ==

"@next/swc-win32-ia32-msvc@13.5.2-canary.1":
  version "13.5.2-canary.1"
  resolved "https://registry.yarnpkg.com/@next/swc-win32-ia32-msvc/-/swc-win32-ia32-msvc-13.5.2-canary.1.tgz#d71669a9af724017e5cd0400359ff0ea7f69eeac"
  integrity sha512-Z93/4IYzx7JSg1eoWgyoVVApdVsjlW8a0H3rulEQNSjZTiutI+tBq8wMMXHm2IRD5PyKHH47FArxwOaE6pq9gQ==

"@next/swc-win32-x64-msvc@13.5.1":
  version "13.5.1"
  resolved "https://registry.yarnpkg.com/@next/swc-win32-x64-msvc/-/swc-win32-x64-msvc-13.5.1.tgz#34bc139cf37704d595fe84eb803b1578a539e35e"
  integrity sha512-+9XBQizy7X/GuwNegq+5QkkxAPV7SBsIwapVRQd9WSvvU20YO23B3bZUpevdabi4fsd25y9RJDDncljy/V54ww==

"@next/swc-win32-x64-msvc@13.5.2-canary.1":
  version "13.5.2-canary.1"
  resolved "https://registry.yarnpkg.com/@next/swc-win32-x64-msvc/-/swc-win32-x64-msvc-13.5.2-canary.1.tgz#353ac57652b538c8a15696fc023394af8994ed8b"
  integrity sha512-cUjRJ4vk5AiJPdwa53Onix7y4kI+hqsmj4tYabr/sAK8Kvrhy8Ae7G40qNDX8t03JDUq9xjXyMg3DWn1duFzSA==

"@swc/helpers@0.5.2":
  version "0.5.2"
  resolved "https://registry.yarnpkg.com/@swc/helpers/-/helpers-0.5.2.tgz#85ea0c76450b61ad7d10a37050289eded783c27d"
  integrity sha512-E4KcWTpoLHqwPHLxidpOqQbcrZVgi0rsmmZXUle1jXmJfuIf/UWpczUJ7MZZ5tlxytgJXyp0w4PGkkeLiuIdZw==
  dependencies:
    tslib "^2.4.0"

"@types/node@20.4.5":
  version "20.4.5"
  resolved "https://registry.yarnpkg.com/@types/node/-/node-20.4.5.tgz#9dc0a5cb1ccce4f7a731660935ab70b9c00a5d69"
  integrity sha512-rt40Nk13II9JwQBdeYqmbn2Q6IVTA5uPhvSO+JVqdXw/6/4glI6oR9ezty/A9Hg5u7JH4OmYmuQ+XvjKm0Datg==

"@types/prop-types@*":
  version "15.7.6"
  resolved "https://registry.yarnpkg.com/@types/prop-types/-/prop-types-15.7.6.tgz#bbf819813d6be21011b8f5801058498bec555572"
  integrity sha512-RK/kBbYOQQHLYj9Z95eh7S6t7gq4Ojt/NT8HTk8bWVhA5DaF+5SMnxHKkP4gPNN3wAZkKP+VjAf0ebtYzf+fxg==

"@types/react@18.2.18":
  version "18.2.18"
  resolved "https://registry.yarnpkg.com/@types/react/-/react-18.2.18.tgz#c8b233919eef1bdc294f6f34b37f9727ad677516"
  integrity sha512-da4NTSeBv/P34xoZPhtcLkmZuJ+oYaCxHmyHzwaDQo9RQPBeXV+06gEk2FpqEcsX9XrnNLvRpVh6bdavDSjtiQ==
  dependencies:
    "@types/prop-types" "*"
    "@types/scheduler" "*"
    csstype "^3.0.2"

"@types/scheduler@*":
  version "0.16.3"
  resolved "https://registry.yarnpkg.com/@types/scheduler/-/scheduler-0.16.3.tgz#cef09e3ec9af1d63d2a6cc5b383a737e24e6dcf5"
  integrity sha512-5cJ8CB4yAx7BH1oMvdU0Jh9lrEXyPkar6F9G/ERswkCuvP4KQZfZkSjcMbAICCpQTN4OuZn8tz0HiKv9TGZgrQ==

"@valleywood/reproduction-app-dynamic-component-hydration-error-package@^1.0.0":
  version "1.0.0"
  resolved "https://npm.pkg.github.com/download/@valleywood/reproduction-app-dynamic-component-hydration-error-package/1.0.0/625d30f6513703a2d4777571caf3582959c99b71#625d30f6513703a2d4777571caf3582959c99b71"
  integrity sha512-iL0OjUrGmchXNhLzE0WkMiF6ZNJZQaEhO+2P0w9Wne/+8SjPuQfMCuDvplbqcVdb5KYqAdFtIhUqSXyMpqfDAw==
  dependencies:
    next "^13.5.1"
    react "^18.2.0"

busboy@1.6.0:
  version "1.6.0"
  resolved "https://registry.yarnpkg.com/busboy/-/busboy-1.6.0.tgz#966ea36a9502e43cdb9146962523b92f531f6893"
  integrity sha512-8SFQbg/0hQ9xy3UNTB0YEnsNBbWfhf7RtnzpL7TkBiTBRfrQ9Fxcnz7VJsleJpyp6rVLvXiuORqjlHi5q+PYuA==
  dependencies:
    streamsearch "^1.1.0"

caniuse-lite@^1.0.30001406:
  version "1.0.30001538"
  resolved "https://registry.yarnpkg.com/caniuse-lite/-/caniuse-lite-1.0.30001538.tgz#9dbc6b9af1ff06b5eb12350c2012b3af56744f3f"
  integrity sha512-HWJnhnID+0YMtGlzcp3T9drmBJUVDchPJ08tpUGFLs9CYlwWPH2uLgpHn8fND5pCgXVtnGS3H4QR9XLMHVNkHw==

client-only@0.0.1:
  version "0.0.1"
  resolved "https://registry.yarnpkg.com/client-only/-/client-only-0.0.1.tgz#38bba5d403c41ab150bff64a95c85013cf73bca1"
  integrity sha512-IV3Ou0jSMzZrd3pZ48nLkT9DA7Ag1pnPzaiQhpW7c3RbcqqzvzzVu+L8gfqMp/8IM2MQtSiqaCxrrcfu8I8rMA==

csstype@^3.0.2:
  version "3.1.2"
  resolved "https://registry.yarnpkg.com/csstype/-/csstype-3.1.2.tgz#1d4bf9d572f11c14031f0436e1c10bc1f571f50b"
  integrity sha512-I7K1Uu0MBPzaFKg4nI5Q7Vs2t+3gWWW648spaF+Rg7pI9ds18Ugn+lvg4SHczUdKlHI5LWBXyqfS8+DufyBsgQ==

glob-to-regexp@^0.4.1:
  version "0.4.1"
  resolved "https://registry.yarnpkg.com/glob-to-regexp/-/glob-to-regexp-0.4.1.tgz#c75297087c851b9a578bd217dd59a92f59fe546e"
  integrity sha512-lkX1HJXwyMcprw/5YUZc2s7DrpAiHB21/V+E1rHUrVNokkvB6bqMzT0VfV6/86ZNabt1k14YOIaT7nDvOX3Iiw==

graceful-fs@^4.1.2:
  version "4.2.11"
  resolved "https://registry.yarnpkg.com/graceful-fs/-/graceful-fs-4.2.11.tgz#4183e4e8bf08bb6e05bbb2f7d2e0c8f712ca40e3"
  integrity sha512-RbJ5/jmFcNNCcDV5o9eTnBLJ/HszWV0P73bc+Ff4nS/rJj+YaS6IGyiOL0VoBYX+l1Wrl3k63h/KrH+nhJ0XvQ==

"js-tokens@^3.0.0 || ^4.0.0":
  version "4.0.0"
  resolved "https://registry.yarnpkg.com/js-tokens/-/js-tokens-4.0.0.tgz#19203fb59991df98e3a287050d4647cdeaf32499"
  integrity sha512-RdJUflcE3cUzKiMqQgsCu06FPu9UdIJO0beYbPhHN4k6apgJtifcoCtT9bcxOpYBtpD2kCM6Sbzg4CausW/PKQ==

loose-envify@^1.1.0:
  version "1.4.0"
  resolved "https://registry.yarnpkg.com/loose-envify/-/loose-envify-1.4.0.tgz#71ee51fa7be4caec1a63839f7e682d8132d30caf"
  integrity sha512-lyuxPGr/Wfhrlem2CL/UcnUc1zcqKAImBDzukY7Y5F/yQiNdko6+fRLevlw1HgMySw7f611UIY408EtxRSoK3Q==
  dependencies:
    js-tokens "^3.0.0 || ^4.0.0"

nanoid@^3.3.4:
  version "3.3.6"
  resolved "https://registry.yarnpkg.com/nanoid/-/nanoid-3.3.6.tgz#443380c856d6e9f9824267d960b4236ad583ea4c"
  integrity sha512-BGcqMMJuToF7i1rt+2PWSNVnWIkGCU78jBG3RxO/bZlnZPK2Cmi2QaffxGO/2RvWi9sL+FAiRiXMgsyxQ1DIDA==

next@^13.5.1:
  version "13.5.1"
  resolved "https://registry.yarnpkg.com/next/-/next-13.5.1.tgz#cf51e950017121f5404eedbde7d59d9ed310839b"
  integrity sha512-GIudNR7ggGUZoIL79mSZcxbXK9f5pwAIPZxEM8+j2yLqv5RODg4TkmUlaKSYVqE1bPQueamXSqdC3j7axiTSEg==
  dependencies:
    "@next/env" "13.5.1"
    "@swc/helpers" "0.5.2"
    busboy "1.6.0"
    caniuse-lite "^1.0.30001406"
    postcss "8.4.14"
    styled-jsx "5.1.1"
    watchpack "2.4.0"
    zod "3.21.4"
  optionalDependencies:
    "@next/swc-darwin-arm64" "13.5.1"
    "@next/swc-darwin-x64" "13.5.1"
    "@next/swc-linux-arm64-gnu" "13.5.1"
    "@next/swc-linux-arm64-musl" "13.5.1"
    "@next/swc-linux-x64-gnu" "13.5.1"
    "@next/swc-linux-x64-musl" "13.5.1"
    "@next/swc-win32-arm64-msvc" "13.5.1"
    "@next/swc-win32-ia32-msvc" "13.5.1"
    "@next/swc-win32-x64-msvc" "13.5.1"

next@canary:
  version "13.5.2-canary.1"
  resolved "https://registry.yarnpkg.com/next/-/next-13.5.2-canary.1.tgz#fcd9b487331eb25ed3b051511f98e9babe00c63e"
  integrity sha512-oG+CsLYY8iEauKEamX3dbBP7/hV+0MxSQkngitnQ45xuSbQFTo4660Vh2UVRckmOOwdJWiZpMor6ymYG8mgwDA==
  dependencies:
    "@next/env" "13.5.2-canary.1"
    "@swc/helpers" "0.5.2"
    busboy "1.6.0"
    caniuse-lite "^1.0.30001406"
    postcss "8.4.14"
    styled-jsx "5.1.1"
    watchpack "2.4.0"
    zod "3.21.4"
  optionalDependencies:
    "@next/swc-darwin-arm64" "13.5.2-canary.1"
    "@next/swc-darwin-x64" "13.5.2-canary.1"
    "@next/swc-linux-arm64-gnu" "13.5.2-canary.1"
    "@next/swc-linux-arm64-musl" "13.5.2-canary.1"
    "@next/swc-linux-x64-gnu" "13.5.2-canary.1"
    "@next/swc-linux-x64-musl" "13.5.2-canary.1"
    "@next/swc-win32-arm64-msvc" "13.5.2-canary.1"
    "@next/swc-win32-ia32-msvc" "13.5.2-canary.1"
    "@next/swc-win32-x64-msvc" "13.5.2-canary.1"

picocolors@^1.0.0:
  version "1.0.0"
  resolved "https://registry.yarnpkg.com/picocolors/-/picocolors-1.0.0.tgz#cb5bdc74ff3f51892236eaf79d68bc44564ab81c"
  integrity sha512-1fygroTLlHu66zi26VoTDv8yRgm0Fccecssto+MhsZ0D/DGW2sm8E8AjW7NU5VVTRt5GxbeZ5qBuJr+HyLYkjQ==

postcss@8.4.14:
  version "8.4.14"
  resolved "https://registry.yarnpkg.com/postcss/-/postcss-8.4.14.tgz#ee9274d5622b4858c1007a74d76e42e56fd21caf"
  integrity sha512-E398TUmfAYFPBSdzgeieK2Y1+1cpdxJx8yXbK/m57nRhKSmk1GB2tO4lbLBtlkfPQTDKfe4Xqv1ASWPpayPEig==
  dependencies:
    nanoid "^3.3.4"
    picocolors "^1.0.0"
    source-map-js "^1.0.2"

react-dom@^18.2.0:
  version "18.2.0"
  resolved "https://registry.yarnpkg.com/react-dom/-/react-dom-18.2.0.tgz#22aaf38708db2674ed9ada224ca4aa708d821e3d"
  integrity sha512-6IMTriUmvsjHUjNtEDudZfuDQUoWXVxKHhlEGSk81n4YFS+r/Kl99wXiwlVXtPBtJenozv2P+hxDsw9eA7Xo6g==
  dependencies:
    loose-envify "^1.1.0"
    scheduler "^0.23.0"

react@^18.2.0:
  version "18.2.0"
  resolved "https://registry.yarnpkg.com/react/-/react-18.2.0.tgz#555bd98592883255fa00de14f1151a917b5d77d5"
  integrity sha512-/3IjMdb2L9QbBdWiW5e3P2/npwMBaU9mHCSCUzNln0ZCYbcfTsGbTJrU/kGemdH2IWmB2ioZ+zkxtmq6g09fGQ==
  dependencies:
    loose-envify "^1.1.0"

scheduler@^0.23.0:
  version "0.23.0"
  resolved "https://registry.yarnpkg.com/scheduler/-/scheduler-0.23.0.tgz#ba8041afc3d30eb206a487b6b384002e4e61fdfe"
  integrity sha512-CtuThmgHNg7zIZWAXi3AsyIzA3n4xx7aNyjwC2VJldO2LMVDhFK+63xGqq6CsJH4rTAt6/M+N4GhZiDYPx9eUw==
  dependencies:
    loose-envify "^1.1.0"

source-map-js@^1.0.2:
  version "1.0.2"
  resolved "https://registry.yarnpkg.com/source-map-js/-/source-map-js-1.0.2.tgz#adbc361d9c62df380125e7f161f71c826f1e490c"
  integrity sha512-R0XvVJ9WusLiqTCEiGCmICCMplcCkIwwR11mOSD9CR5u+IXYdiseeEuXCVAjS54zqwkLcPNnmU4OeJ6tUrWhDw==

streamsearch@^1.1.0:
  version "1.1.0"
  resolved "https://registry.yarnpkg.com/streamsearch/-/streamsearch-1.1.0.tgz#404dd1e2247ca94af554e841a8ef0eaa238da764"
  integrity sha512-Mcc5wHehp9aXz1ax6bZUyY5afg9u2rv5cqQI3mRrYkGC8rW2hM02jWuwjtL++LS5qinSyhj2QfLyNsuc+VsExg==

styled-jsx@5.1.1:
  version "5.1.1"
  resolved "https://registry.yarnpkg.com/styled-jsx/-/styled-jsx-5.1.1.tgz#839a1c3aaacc4e735fed0781b8619ea5d0009d1f"
  integrity sha512-pW7uC1l4mBZ8ugbiZrcIsiIvVx1UmTfw7UkC3Um2tmfUq9Bhk8IiyEIPl6F8agHgjzku6j0xQEZbfA5uSgSaCw==
  dependencies:
    client-only "0.0.1"

tslib@^2.4.0:
  version "2.6.2"
  resolved "https://registry.yarnpkg.com/tslib/-/tslib-2.6.2.tgz#703ac29425e7b37cd6fd456e92404d46d1f3e4ae"
  integrity sha512-AEYxH93jGFPn/a2iVAwW87VuUIkR1FVUKB77NwMF7nBTDkDrrT/Hpt/IrCJ0QXhW27jTBDcf5ZY7w6RiqTMw2Q==

typescript@5.1.3:
  version "5.1.3"
  resolved "https://registry.yarnpkg.com/typescript/-/typescript-5.1.3.tgz#8d84219244a6b40b6fb2b33cc1c062f715b9e826"
  integrity sha512-XH627E9vkeqhlZFQuL+UsyAXEnibT0kWR2FWONlr4sTjvxyJYnyefgrkyECLzM5NenmKzRAy2rR/OlYLA1HkZw==

watchpack@2.4.0:
  version "2.4.0"
  resolved "https://registry.yarnpkg.com/watchpack/-/watchpack-2.4.0.tgz#fa33032374962c78113f93c7f2fb4c54c9862a5d"
  integrity sha512-Lcvm7MGST/4fup+ifyKi2hjyIAwcdI4HRgtvTpIUxBRhB+RFtUh8XtDOxUfctVCnhVi+QQj49i91OyvzkJl6cg==
  dependencies:
    glob-to-regexp "^0.4.1"
    graceful-fs "^4.1.2"

zod@3.21.4:
  version "3.21.4"
  resolved "https://registry.yarnpkg.com/zod/-/zod-3.21.4.tgz#10882231d992519f0a10b5dd58a38c9dabbb64db"
  integrity sha512-m46AKbrzKVzOzs/DZgVnG5H55N1sv1M8qZU3A8RIKbs3mrACDNeIOeilDymVb2HdmP8uwshOCF4uJ8uM9rCqJw==
